
Microsoft Visual Studio Solution File, Format Version 12.00
# Visual Studio Version 17
VisualStudioVersion = 17.0.32112.339
MinimumVisualStudioVersion = 10.0.40219.1
Project("{9A19103F-16F7-4668-BE54-9A1E7A4F7556}") = "BinaryTree.UI", "BinaryTree.UI\BinaryTree.UI.csproj", "{7EF30B89-8AB4-416A-AB04-F544752F1CC9}"
EndProject
Project("{9A19103F-16F7-4668-BE54-9A1E7A4F7556}") = "Student", "Student\Student.csproj", "{465839F8-252C-4E32-B1F2-5069C85AC15E}"
EndProject
Project("{9A19103F-16F7-4668-BE54-9A1E7A4F7556}") = "BinaryTree", "BinaryTree\BinaryTree.csproj", "{EFC77536-953B-4F65-8CDA-EFC4A4A95796}"
EndProject
Global
	GlobalSection(SolutionConfigurationPlatforms) = preSolution
		Debug|Any CPU = Debug|Any CPU
		Release|Any CPU = Release|Any CPU
	EndGlobalSection
	GlobalSection(ProjectConfigurationPlatforms) = postSolution
		{7EF30B89-8AB4-416A-AB04-F544752F1CC9}.Debug|Any CPU.ActiveCfg = Debug|Any CPU
		{7EF30B89-8AB4-416A-AB04-F544752F1CC9}.Debug|Any CPU.Build.0 = Debug|Any CPU
		{7EF30B89-8AB4-416A-AB04-F544752F1CC9}.Release|Any CPU.ActiveCfg = Release|Any CPU
		{7EF30B89-8AB4-416A-AB04-F544752F1CC9}.Release|Any CPU.Build.0 = Release|Any CPU
		{465839F8-252C-4E32-B1F2-5069C85AC15E}.Debug|Any CPU.ActiveCfg = Debug|Any CPU
		{465839F8-252C-4E32-B1F2-5069C85AC15E}.Debug|Any CPU.Build.0 = Debug|Any CPU
		{465839F8-252C-4E32-B1F2-5069C85AC15E}.Release|Any CPU.ActiveCfg = Release|Any CPU
		{465839F8-252C-4E32-B1F2-5069C85AC15E}.Release|Any CPU.Build.0 = Release|Any CPU
		{EFC77536-953B-4F65-8CDA-EFC4A4A95796}.Debug|Any CPU.ActiveCfg = Debug|Any CPU
		{EFC77536-953B-4F65-8CDA-EFC4A4A95796}.Debug|Any CPU.Build.0 = Debug|Any CPU
		{EFC77536-953B-4F65-8CDA-EFC4A4A95796}.Release|Any CPU.ActiveCfg = Release|Any CPU
		{EFC77536-953B-4F65-8CDA-EFC4A4A95796}.Release|Any CPU.Build.0 = Release|Any CPU
	EndGlobalSection
	GlobalSection(SolutionProperties) = preSolution
		HideSolutionNode = FALSE
	EndGlobalSection
	GlobalSection(ExtensibilityGlobals) = postSolution
		SolutionGuid = {65C7266D-D5F1-41FD-8DC5-A0E7E05C82E4}
	EndGlobalSection
EndGlobal
