
Microsoft Visual Studio Solution File, Format Version 12.00
# Visual Studio Version 17
VisualStudioVersion = 17.0.32112.339
MinimumVisualStudioVersion = 10.0.40219.1
Project("{9A19103F-16F7-4668-BE54-9A1E7A4F7556}") = "Timer.UI", "Timer.UI\Timer.UI.csproj", "{7C8408AA-0F24-46B7-AB36-70BC9C2AD184}"
EndProject
Project("{9A19103F-16F7-4668-BE54-9A1E7A4F7556}") = "Timer", "Timer\Timer.csproj", "{E49AA3C5-F2EC-4008-A94A-A4B1ECBE05AD}"
EndProject
Global
	GlobalSection(SolutionConfigurationPlatforms) = preSolution
		Debug|Any CPU = Debug|Any CPU
		Release|Any CPU = Release|Any CPU
	EndGlobalSection
	GlobalSection(ProjectConfigurationPlatforms) = postSolution
		{7C8408AA-0F24-46B7-AB36-70BC9C2AD184}.Debug|Any CPU.ActiveCfg = Debug|Any CPU
		{7C8408AA-0F24-46B7-AB36-70BC9C2AD184}.Debug|Any CPU.Build.0 = Debug|Any CPU
		{7C8408AA-0F24-46B7-AB36-70BC9C2AD184}.Release|Any CPU.ActiveCfg = Release|Any CPU
		{7C8408AA-0F24-46B7-AB36-70BC9C2AD184}.Release|Any CPU.Build.0 = Release|Any CPU
		{E49AA3C5-F2EC-4008-A94A-A4B1ECBE05AD}.Debug|Any CPU.ActiveCfg = Debug|Any CPU
		{E49AA3C5-F2EC-4008-A94A-A4B1ECBE05AD}.Debug|Any CPU.Build.0 = Debug|Any CPU
		{E49AA3C5-F2EC-4008-A94A-A4B1ECBE05AD}.Release|Any CPU.ActiveCfg = Release|Any CPU
		{E49AA3C5-F2EC-4008-A94A-A4B1ECBE05AD}.Release|Any CPU.Build.0 = Release|Any CPU
	EndGlobalSection
	GlobalSection(SolutionProperties) = preSolution
		HideSolutionNode = FALSE
	EndGlobalSection
	GlobalSection(ExtensibilityGlobals) = postSolution
		SolutionGuid = {DF44EA71-5EDC-461B-BF3D-B8BEDFF3F3F7}
	EndGlobalSection
EndGlobal
